
Microsoft Visual Studio Solution File, Format Version 12.00
# Visual Studio 2013
VisualStudioVersion = 12.0.31101.0
MinimumVisualStudioVersion = 10.0.40219.1
Project("{E24C65DC-7377-472B-9ABA-BC803B73C61A}") = "IntgxWeb", "http://localhost:52657", "{5F52AD88-CCBD-49F9-8ADD-9B1B751883F0}"
	ProjectSection(WebsiteProperties) = preProject
		UseIISExpress = "true"
		TargetFrameworkMoniker = ".NETFramework,Version%3Dv4.5.1"
		ProjectReferences = "{7478a836-eb48-47a1-862a-510e47ed32df}|C2InfoSys.FileIntegratrex.IntgxLib.dll;"
		Debug.AspNetCompiler.VirtualPath = "/localhost_52657"
		Debug.AspNetCompiler.PhysicalPath = "IntgxWeb\"
		Debug.AspNetCompiler.TargetPath = "PrecompiledWeb\localhost_52657\"
		Debug.AspNetCompiler.Updateable = "true"
		Debug.AspNetCompiler.ForceOverwrite = "true"
		Debug.AspNetCompiler.FixedNames = "false"
		Debug.AspNetCompiler.Debug = "True"
		Release.AspNetCompiler.VirtualPath = "/localhost_52657"
		Release.AspNetCompiler.PhysicalPath = "IntgxWeb\"
		Release.AspNetCompiler.TargetPath = "PrecompiledWeb\localhost_52657\"
		Release.AspNetCompiler.Updateable = "true"
		Release.AspNetCompiler.ForceOverwrite = "true"
		Release.AspNetCompiler.FixedNames = "false"
		Release.AspNetCompiler.Debug = "False"
		SlnRelativePath = "IntgxWeb\"
		DefaultWebSiteLanguage = "Visual C#"
	EndProjectSection
EndProject
Project("{FAE04EC0-301F-11D3-BF4B-00C04F79EFBC}") = "IntgxLib", "IntgxLib\IntgxLib.csproj", "{7478A836-EB48-47A1-862A-510E47ED32DF}"
EndProject
Project("{FAE04EC0-301F-11D3-BF4B-00C04F79EFBC}") = "IntgxSvc", "IntgxSvc\IntgxSvc.csproj", "{169AC8A8-585D-49C0-90CC-035E929FB08E}"
EndProject
Project("{FAE04EC0-301F-11D3-BF4B-00C04F79EFBC}") = "ScheduleTimer", "ScheduleTimer\ScheduleTimer.csproj", "{A1087FDB-40E7-461C-8402-AF74AEFC3E51}"
EndProject
Project("{FAE04EC0-301F-11D3-BF4B-00C04F79EFBC}") = "TestBed", "TestBed\TestBed.csproj", "{67E18B44-DA3B-48B0-A177-3FACD1CBB50B}"
EndProject
Global
	GlobalSection(SolutionConfigurationPlatforms) = preSolution
		Debug|Any CPU = Debug|Any CPU
		Release|Any CPU = Release|Any CPU
	EndGlobalSection
	GlobalSection(ProjectConfigurationPlatforms) = postSolution
		{5F52AD88-CCBD-49F9-8ADD-9B1B751883F0}.Debug|Any CPU.ActiveCfg = Debug|Any CPU
		{5F52AD88-CCBD-49F9-8ADD-9B1B751883F0}.Debug|Any CPU.Build.0 = Debug|Any CPU
		{5F52AD88-CCBD-49F9-8ADD-9B1B751883F0}.Release|Any CPU.ActiveCfg = Debug|Any CPU
		{5F52AD88-CCBD-49F9-8ADD-9B1B751883F0}.Release|Any CPU.Build.0 = Debug|Any CPU
		{7478A836-EB48-47A1-862A-510E47ED32DF}.Debug|Any CPU.ActiveCfg = Debug|Any CPU
		{7478A836-EB48-47A1-862A-510E47ED32DF}.Debug|Any CPU.Build.0 = Debug|Any CPU
		{7478A836-EB48-47A1-862A-510E47ED32DF}.Release|Any CPU.ActiveCfg = Release|Any CPU
		{7478A836-EB48-47A1-862A-510E47ED32DF}.Release|Any CPU.Build.0 = Release|Any CPU
		{169AC8A8-585D-49C0-90CC-035E929FB08E}.Debug|Any CPU.ActiveCfg = Debug|Any CPU
		{169AC8A8-585D-49C0-90CC-035E929FB08E}.Debug|Any CPU.Build.0 = Debug|Any CPU
		{169AC8A8-585D-49C0-90CC-035E929FB08E}.Release|Any CPU.ActiveCfg = Release|Any CPU
		{169AC8A8-585D-49C0-90CC-035E929FB08E}.Release|Any CPU.Build.0 = Release|Any CPU
		{A1087FDB-40E7-461C-8402-AF74AEFC3E51}.Debug|Any CPU.ActiveCfg = Debug|Any CPU
		{A1087FDB-40E7-461C-8402-AF74AEFC3E51}.Debug|Any CPU.Build.0 = Debug|Any CPU
		{A1087FDB-40E7-461C-8402-AF74AEFC3E51}.Release|Any CPU.ActiveCfg = Release|Any CPU
		{A1087FDB-40E7-461C-8402-AF74AEFC3E51}.Release|Any CPU.Build.0 = Release|Any CPU
		{67E18B44-DA3B-48B0-A177-3FACD1CBB50B}.Debug|Any CPU.ActiveCfg = Debug|Any CPU
		{67E18B44-DA3B-48B0-A177-3FACD1CBB50B}.Debug|Any CPU.Build.0 = Debug|Any CPU
		{67E18B44-DA3B-48B0-A177-3FACD1CBB50B}.Release|Any CPU.ActiveCfg = Release|Any CPU
		{67E18B44-DA3B-48B0-A177-3FACD1CBB50B}.Release|Any CPU.Build.0 = Release|Any CPU
	EndGlobalSection
	GlobalSection(SolutionProperties) = preSolution
		HideSolutionNode = FALSE
	EndGlobalSection
EndGlobal
